
Microsoft Visual Studio Solution File, Format Version 12.00
# Visual Studio Version 16
VisualStudioVersion = 16.0.35229.62
MinimumVisualStudioVersion = 10.0.40219.1
Project("{FAE04EC0-301F-11D3-BF4B-00C04F79EFBC}") = "Api_Post_Eventos_Vfinal", "Api_Post_Eventos_Vfinal.csproj", "{FF8FC779-4CE4-4A1A-832B-5C0A196BFCBB}"
EndProject
Global
	GlobalSection(SolutionConfigurationPlatforms) = preSolution
		Debug|Any CPU = Debug|Any CPU
		Release|Any CPU = Release|Any CPU
	EndGlobalSection
	GlobalSection(ProjectConfigurationPlatforms) = postSolution
		{FF8FC779-4CE4-4A1A-832B-5C0A196BFCBB}.Debug|Any CPU.ActiveCfg = Debug|Any CPU
		{FF8FC779-4CE4-4A1A-832B-5C0A196BFCBB}.Debug|Any CPU.Build.0 = Debug|Any CPU
		{FF8FC779-4CE4-4A1A-832B-5C0A196BFCBB}.Release|Any CPU.ActiveCfg = Release|Any CPU
		{FF8FC779-4CE4-4A1A-832B-5C0A196BFCBB}.Release|Any CPU.Build.0 = Release|Any CPU
	EndGlobalSection
	GlobalSection(SolutionProperties) = preSolution
		HideSolutionNode = FALSE
	EndGlobalSection
	GlobalSection(ExtensibilityGlobals) = postSolution
		SolutionGuid = {97BA7328-0721-4992-A891-29054D6A414A}
	EndGlobalSection
EndGlobal
